
Microsoft Visual Studio Solution File, Format Version 12.00
# Visual Studio Version 17
VisualStudioVersion = 17.9.34622.214
MinimumVisualStudioVersion = 10.0.40219.1
Project("{9A19103F-16F7-4668-BE54-9A1E7A4F7556}") = "Kolokwium1", "Kolokwium1.csproj", "{A56C1285-1854-4E7B-9F62-FB99CB949D7B}"
EndProject
Project("{9A19103F-16F7-4668-BE54-9A1E7A4F7556}") = "BLL", "..\BLL\BLL.csproj", "{C91E2224-276E-4AC3-9F81-A628C33FE224}"
EndProject
Project("{9A19103F-16F7-4668-BE54-9A1E7A4F7556}") = "BLL_EF", "..\BLL_EF\BLL_EF.csproj", "{8804E854-B12E-4D96-8391-135AF798701A}"
EndProject
Project("{9A19103F-16F7-4668-BE54-9A1E7A4F7556}") = "DAL", "..\DAL\DAL.csproj", "{D182E3BE-123D-415B-88E2-81A9E53DAEF0}"
EndProject
Project("{2150E333-8FDC-42A3-9474-1A3956D46DE8}") = "SQL", "SQL", "{D842CEEC-030D-4106-B047-597E1B275D1A}"
	ProjectSection(SolutionItems) = preProject
		AddStudent.sql = AddStudent.sql
		GetPagedHistory.sql = GetPagedHistory.sql
		trg_Student_AfterDelete.sql = trg_Student_AfterDelete.sql
		trg_Student_AfterUpdate.sql = trg_Student_AfterUpdate.sql
	EndProjectSection
EndProject
Global
	GlobalSection(SolutionConfigurationPlatforms) = preSolution
		Debug|Any CPU = Debug|Any CPU
		Release|Any CPU = Release|Any CPU
	EndGlobalSection
	GlobalSection(ProjectConfigurationPlatforms) = postSolution
		{A56C1285-1854-4E7B-9F62-FB99CB949D7B}.Debug|Any CPU.ActiveCfg = Debug|Any CPU
		{A56C1285-1854-4E7B-9F62-FB99CB949D7B}.Debug|Any CPU.Build.0 = Debug|Any CPU
		{A56C1285-1854-4E7B-9F62-FB99CB949D7B}.Release|Any CPU.ActiveCfg = Release|Any CPU
		{A56C1285-1854-4E7B-9F62-FB99CB949D7B}.Release|Any CPU.Build.0 = Release|Any CPU
		{C91E2224-276E-4AC3-9F81-A628C33FE224}.Debug|Any CPU.ActiveCfg = Debug|Any CPU
		{C91E2224-276E-4AC3-9F81-A628C33FE224}.Debug|Any CPU.Build.0 = Debug|Any CPU
		{C91E2224-276E-4AC3-9F81-A628C33FE224}.Release|Any CPU.ActiveCfg = Release|Any CPU
		{C91E2224-276E-4AC3-9F81-A628C33FE224}.Release|Any CPU.Build.0 = Release|Any CPU
		{8804E854-B12E-4D96-8391-135AF798701A}.Debug|Any CPU.ActiveCfg = Debug|Any CPU
		{8804E854-B12E-4D96-8391-135AF798701A}.Debug|Any CPU.Build.0 = Debug|Any CPU
		{8804E854-B12E-4D96-8391-135AF798701A}.Release|Any CPU.ActiveCfg = Release|Any CPU
		{8804E854-B12E-4D96-8391-135AF798701A}.Release|Any CPU.Build.0 = Release|Any CPU
		{D182E3BE-123D-415B-88E2-81A9E53DAEF0}.Debug|Any CPU.ActiveCfg = Debug|Any CPU
		{D182E3BE-123D-415B-88E2-81A9E53DAEF0}.Debug|Any CPU.Build.0 = Debug|Any CPU
		{D182E3BE-123D-415B-88E2-81A9E53DAEF0}.Release|Any CPU.ActiveCfg = Release|Any CPU
		{D182E3BE-123D-415B-88E2-81A9E53DAEF0}.Release|Any CPU.Build.0 = Release|Any CPU
	EndGlobalSection
	GlobalSection(SolutionProperties) = preSolution
		HideSolutionNode = FALSE
	EndGlobalSection
	GlobalSection(ExtensibilityGlobals) = postSolution
		SolutionGuid = {C1B4D922-BCBA-449E-99B5-9D977AC8C42E}
	EndGlobalSection
EndGlobal
